lockfileVersion: 5.4

specifiers:
  swiper: ^9.3.2

dependencies:
  swiper: 9.3.2

packages:

  /ssr-window/4.0.2:
    resolution: {integrity: sha512-ISv/Ch+ig7SOtw7G2+qkwfVASzazUnvlDTwypdLoPoySv+6MqlOV10VwPSE6EWkGjhW50lUmghPmpYZXMu/+AQ==}
    dev: false

  /swiper/9.3.2:
    resolution: {integrity: sha512-Kj9Z4kXRmJR3YT/Wj+XLWj8P6IcRt+WG38uL8M3/Wny7+6sV0TlP9vnE1X+Co9c7VzNooojWGnFa+Wf/9+CUMA==}
    engines: {node: '>= 4.7.0'}
    dependencies:
      ssr-window: 4.0.2
    dev: false
